// !$*UTF8*$!
{
	archiveVersion = 1;
	classes = {
	};
	objectVersion = 46;
	objects = {

/* Begin PBXBuildFile section */
		471FB0A61C8922DF0015C3B1 /* main.m in Sources */ = {isa = PBXBuildFile; fileRef = 471FB0A51C8922DF0015C3B1 /* main.m */; };
		471FB0A91C8922DF0015C3B1 /* AppDelegate.m in Sources */ = {isa = PBXBuildFile; fileRef = 471FB0A81C8922DF0015C3B1 /* AppDelegate.m */; };
		471FB0AC1C8922DF0015C3B1 /* ViewController.m in Sources */ = {isa = PBXBuildFile; fileRef = 471FB0AB1C8922DF0015C3B1 /* ViewController.m */; };
		471FB0AF1C8922DF0015C3B1 /* Main.storyboard in Resources */ = {isa = PBXBuildFile; fileRef = 471FB0AD1C8922DF0015C3B1 /* Main.storyboard */; };
		471FB0B11C8922DF0015C3B1 /* Assets.xcassets in Resources */ = {isa = PBXBuildFile; fileRef = 471FB0B01C8922DF0015C3B1 /* Assets.xcassets */; };
		471FB0B41C8922DF0015C3B1 /* LaunchScreen.storyboard in Resources */ = {isa = PBXBuildFile; fileRef = 471FB0B21C8922DF0015C3B1 /* LaunchScreen.storyboard */; };
		471FB0BF1C8922DF0015C3B1 /* OneProjectTests.m in Sources */ = {isa = PBXBuildFile; fileRef = 471FB0BE1C8922DF0015C3B1 /* OneProjectTests.m */; };
		471FB0CA1C8922DF0015C3B1 /* OneProjectUITests.m in Sources */ = {isa = PBXBuildFile; fileRef = 471FB0C91C8922DF0015C3B1 /* OneProjectUITests.m */; };
/* End PBXBuildFile section */

/* Begin PBXContainerItemProxy section */
		471FB0BB1C8922DF0015C3B1 /* PBXContainerItemProxy */ = {
			isa = PBXContainerItemProxy;
			containerPortal = 471FB0991C8922DF0015C3B1 /* Project object */;
			proxyType = 1;
			remoteGlobalIDString = 471FB0A01C8922DF0015C3B1;
			remoteInfo = OneProject;
		};
		471FB0C61C8922DF0015C3B1 /* PBXContainerItemProxy */ = {
			isa = PBXContainerItemProxy;
			containerPortal = 471FB0991C8922DF0015C3B1 /* Project object */;
			proxyType = 1;
			remoteGlobalIDString = 471FB0A01C8922DF0015C3B1;
			remoteInfo = OneProject;
		};
/* End PBXContainerItemProxy section */

/* Begin PBXFileReference section */
		471FB0A11C8922DF0015C3B1 /* OneProject.app */ = {isa = PBXFileReference; explicitFileType = wrapper.application; includeInIndex = 0; path = OneProject.app; sourceTree = BUILT_PRODUCTS_DIR; };
		471FB0A51C8922DF0015C3B1 /* main.m */ = {isa = PBXFileReference; lastKnownFileType = sourcecode.c.objc; path = main.m; sourceTree = "<group>"; };
		471FB0A71C8922DF0015C3B1 /* AppDelegate.h */ = {isa = PBXFileReference; lastKnownFileType = sourcecode.c.h; path = AppDelegate.h; sourceTree = "<group>"; };
		471FB0A81C8922DF0015C3B1 /* AppDelegate.m */ = {isa = PBXFileReference; lastKnownFileType = sourcecode.c.objc; path = AppDelegate.m; sourceTree = "<group>"; };
		471FB0AA1C8922DF0015C3B1 /* ViewController.h */ = {isa = PBXFileReference; lastKnownFileType = sourcecode.c.h; path = ViewController.h; sourceTree = "<group>"; };
		471FB0AB1C8922DF0015C3B1 /* ViewController.m */ = {isa = PBXFileReference; lastKnownFileType = sourcecode.c.objc; path = ViewController.m; sourceTree = "<group>"; };
		471FB0AE1C8922DF0015C3B1 /* Base */ = {isa = PBXFileReference; lastKnownFileType = file.storyboard; name = Base; path = Base.lproj/Main.storyboard; sourceTree = "<group>"; };
		471FB0B01C8922DF0015C3B1 /* Assets.xcassets */ = {isa = PBXFileReference; lastKnownFileType = folder.assetcatalog; path = Assets.xcassets; sourceTree = "<group>"; };
		471FB0B31C8922DF0015C3B1 /* Base */ = {isa = PBXFileReference; lastKnownFileType = file.storyboard; name = Base; path = Base.lproj/LaunchScreen.storyboard; sourceTree = "<group>"; };
		471FB0B51C8922DF0015C3B1 /* Info.plist */ = {isa = PBXFileReference; lastKnownFileType = text.plist.xml; path = Info.plist; sourceTree = "<group>"; };
		471FB0BA1C8922DF0015C3B1 /* OneProjectTests.xctest */ = {isa = PBXFileReference; explicitFileType = wrapper.cfbundle; includeInIndex = 0; path = OneProjectTests.xctest; sourceTree = BUILT_PRODUCTS_DIR; };
		471FB0BE1C8922DF0015C3B1 /* OneProjectTests.m */ = {isa = PBXFileReference; lastKnownFileType = sourcecode.c.objc; path = OneProjectTests.m; sourceTree = "<group>"; };
		471FB0C01C8922DF0015C3B1 /* Info.plist */ = {isa = PBXFileReference; lastKnownFileType = text.plist.xml; path = Info.plist; sourceTree = "<group>"; };
		471FB0C51C8922DF0015C3B1 /* OneProjectUITests.xctest */ = {isa = PBXFileReference; explicitFileType = wrapper.cfbundle; includeInIndex = 0; path = OneProjectUITests.xctest; sourceTree = BUILT_PRODUCTS_DIR; };
		471FB0C91C8922DF0015C3B1 /* OneProjectUITests.m */ = {isa = PBXFileReference; lastKnownFileType = sourcecode.c.objc; path = OneProjectUITests.m; sourceTree = "<group>"; };
		471FB0CB1C8922DF0015C3B1 /* Info.plist */ = {isa = PBXFileReference; lastKnownFileType = text.plist.xml; path = Info.plist; sourceTree = "<group>"; };
/* End PBXFileReference section */

/* Begin PBXFrameworksBuildPhase section */
		471FB09E1C8922DF0015C3B1 /* Frameworks */ = {
			isa = PBXFrameworksBuildPhase;
			buildActionMask = 2147483647;
			files = (
			);
			runOnlyForDeploymentPostprocessing = 0;
		};
		471FB0B71C8922DF0015C3B1 /* Frameworks */ = {
			isa = PBXFrameworksBuildPhase;
			buildActionMask = 2147483647;
			files = (
			);
			runOnlyForDeploymentPostprocessing = 0;
		};
		471FB0C21C8922DF0015C3B1 /* Frameworks */ = {
			isa = PBXFrameworksBuildPhase;
			buildActionMask = 2147483647;
			files = (
			);
			runOnlyForDeploymentPostprocessing = 0;
		};
/* End PBXFrameworksBuildPhase section */

/* Begin PBXGroup section */
		471FB0981C8922DF0015C3B1 = {
			isa = PBXGroup;
			children = (
				471FB0A31C8922DF0015C3B1 /* OneProject */,
				471FB0BD1C8922DF0015C3B1 /* OneProjectTests */,
				471FB0C81C8922DF0015C3B1 /* OneProjectUITests */,
				471FB0A21C8922DF0015C3B1 /* Products */,
			);
			sourceTree = "<group>";
		};
		471FB0A21C8922DF0015C3B1 /* Products */ = {
			isa = PBXGroup;
			children = (
				471FB0A11C8922DF0015C3B1 /* OneProject.app */,
				471FB0BA1C8922DF0015C3B1 /* OneProjectTests.xctest */,
				471FB0C51C8922DF0015C3B1 /* OneProjectUITests.xctest */,
			);
			name = Products;
			sourceTree = "<group>";
		};
		471FB0A31C8922DF0015C3B1 /* OneProject */ = {
			isa = PBXGroup;
			children = (
				471FB0A71C8922DF0015C3B1 /* AppDelegate.h */,
				471FB0A81C8922DF0015C3B1 /* AppDelegate.m */,
				471FB0AA1C8922DF0015C3B1 /* ViewController.h */,
				471FB0AB1C8922DF0015C3B1 /* ViewController.m */,
				471FB0AD1C8922DF0015C3B1 /* Main.storyboard */,
				471FB0B01C8922DF0015C3B1 /* Assets.xcassets */,
				471FB0B21C8922DF0015C3B1 /* LaunchScreen.storyboard */,
				471FB0B51C8922DF0015C3B1 /* Info.plist */,
				471FB0A41C8922DF0015C3B1 /* Supporting Files */,
			);
			path = OneProject;
			sourceTree = "<group>";
		};
		471FB0A41C8922DF0015C3B1 /* Supporting Files */ = {
			isa = PBXGroup;
			children = (
				471FB0A51C8922DF0015C3B1 /* main.m */,
			);
			name = "Supporting Files";
			sourceTree = "<group>";
		};
		471FB0BD1C8922DF0015C3B1 /* OneProjectTests */ = {
			isa = PBXGroup;
			children = (
				471FB0BE1C8922DF0015C3B1 /* OneProjectTests.m */,
				471FB0C01C8922DF0015C3B1 /* Info.plist */,
			);
			path = OneProjectTests;
			sourceTree = "<group>";
		};
		471FB0C81C8922DF0015C3B1 /* OneProjectUITests */ = {
			isa = PBXGroup;
			children = (
				471FB0C91C8922DF0015C3B1 /* OneProjectUITests.m */,
				471FB0CB1C8922DF0015C3B1 /* Info.plist */,
			);
			path = OneProjectUITests;
			sourceTree = "<group>";
		};
/* End PBXGroup section */

/* Begin PBXNativeTarget section */
		471FB0A01C8922DF0015C3B1 /* OneProject */ = {
			isa = PBXNativeTarget;
			buildConfigurationList = 471FB0CE1C8922DF0015C3B1 /* Build configuration list for PBXNativeTarget "OneProject" */;
			buildPhases = (
				471FB09D1C8922DF0015C3B1 /* Sources */,
				471FB09E1C8922DF0015C3B1 /* Frameworks */,
				471FB09F1C8922DF0015C3B1 /* Resources */,
			);
			buildRules = (
			);
			dependencies = (
			);
			name = OneProject;
			productName = OneProject;
			productReference = 471FB0A11C8922DF0015C3B1 /* OneProject.app */;
			productType = "com.apple.product-type.application";
		};
		471FB0B91C8922DF0015C3B1 /* OneProjectTests */ = {
			isa = PBXNativeTarget;
			buildConfigurationList = 471FB0D11C8922DF0015C3B1 /* Build configuration list for PBXNativeTarget "OneProjectTests" */;
			buildPhases = (
				471FB0B61C8922DF0015C3B1 /* Sources */,
				471FB0B71C8922DF0015C3B1 /* Frameworks */,
				471FB0B81C8922DF0015C3B1 /* Resources */,
			);
			buildRules = (
			);
			dependencies = (
				471FB0BC1C8922DF0015C3B1 /* PBXTargetDependency */,
			);
			name = OneProjectTests;
			productName = OneProjectTests;
			productReference = 471FB0BA1C8922DF0015C3B1 /* OneProjectTests.xctest */;
			productType = "com.apple.product-type.bundle.unit-test";
		};
		471FB0C41C8922DF0015C3B1 /* OneProjectUITests */ = {
			isa = PBXNativeTarget;
			buildConfigurationList = 471FB0D41C8922DF0015C3B1 /* Build configuration list for PBXNativeTarget "OneProjectUITests" */;
			buildPhases = (
				471FB0C11C8922DF0015C3B1 /* Sources */,
				471FB0C21C8922DF0015C3B1 /* Frameworks */,
				471FB0C31C8922DF0015C3B1 /* Resources */,
			);
			buildRules = (
			);
			dependencies = (
				471FB0C71C8922DF0015C3B1 /* PBXTargetDependency */,
			);
			name = OneProjectUITests;
			productName = OneProjectUITests;
			productReference = 471FB0C51C8922DF0015C3B1 /* OneProjectUITests.xctest */;
			productType = "com.apple.product-type.bundle.ui-testing";
		};
/* End PBXNativeTarget section */

/* Begin PBXProject section */
		471FB0991C8922DF0015C3B1 /* Project object */ = {
			isa = PBXProject;
			attributes = {
				LastUpgradeCheck = 0710;
				ORGANIZATIONNAME = "清溪";
				TargetAttributes = {
					471FB0A01C8922DF0015C3B1 = {
						CreatedOnToolsVersion = 7.1.1;
					};
					471FB0B91C8922DF0015C3B1 = {
						CreatedOnToolsVersion = 7.1.1;
						TestTargetID = 471FB0A01C8922DF0015C3B1;
					};
					471FB0C41C8922DF0015C3B1 = {
						CreatedOnToolsVersion = 7.1.1;
						TestTargetID = 471FB0A01C8922DF0015C3B1;
					};
				};
			};
			buildConfigurationList = 471FB09C1C8922DF0015C3B1 /* Build configuration list for PBXProject "OneProject" */;
			compatibilityVersion = "Xcode 3.2";
			developmentRegion = English;
			hasScannedForEncodings = 0;
			knownRegions = (
				en,
				Base,
			);
			mainGroup = 471FB0981C8922DF0015C3B1;
			productRefGroup = 471FB0A21C8922DF0015C3B1 /* Products */;
			projectDirPath = "";
			projectRoot = "";
			targets = (
				471FB0A01C8922DF0015C3B1 /* OneProject */,
				471FB0B91C8922DF0015C3B1 /* OneProjectTests */,
				471FB0C41C8922DF0015C3B1 /* OneProjectUITests */,
			);
		};
/* End PBXProject section */

/* Begin PBXResourcesBuildPhase section */
		471FB09F1C8922DF0015C3B1 /* Resources */ = {
			isa = PBXResourcesBuildPhase;
			buildActionMask = 2147483647;
			files = (
				471FB0B41C8922DF0015C3B1 /* LaunchScreen.storyboard in Resources */,
				471FB0B11C8922DF0015C3B1 /* Assets.xcassets in Resources */,
				471FB0AF1C8922DF0015C3B1 /* Main.storyboard in Resources */,
			);
			runOnlyForDeploymentPostprocessing = 0;
		};
		471FB0B81C8922DF0015C3B1 /* Resources */ = {
			isa = PBXResourcesBuildPhase;
			buildActionMask = 2147483647;
			files = (
			);
			runOnlyForDeploymentPostprocessing = 0;
		};
		471FB0C31C8922DF0015C3B1 /* Resources */ = {
			isa = PBXResourcesBuildPhase;
			buildActionMask = 2147483647;
			files = (
			);
			runOnlyForDeploymentPostprocessing = 0;
		};
/* End PBXResourcesBuildPhase section */

/* Begin PBXSourcesBuildPhase section */
		471FB09D1C8922DF0015C3B1 /* Sources */ = {
			isa = PBXSourcesBuildPhase;
			buildActionMask = 2147483647;
			files = (
				471FB0AC1C8922DF0015C3B1 /* ViewController.m in Sources */,
				471FB0A91C8922DF0015C3B1 /* AppDelegate.m in Sources */,
				471FB0A61C8922DF0015C3B1 /* main.m in Sources */,
			);
			runOnlyForDeploymentPostprocessing = 0;
		};
		471FB0B61C8922DF0015C3B1 /* Sources */ = {
			isa = PBXSourcesBuildPhase;
			buildActionMask = 2147483647;
			files = (
				471FB0BF1C8922DF0015C3B1 /* OneProjectTests.m in Sources */,
			);
			runOnlyForDeploymentPostprocessing = 0;
		};
		471FB0C11C8922DF0015C3B1 /* Sources */ = {
			isa = PBXSourcesBuildPhase;
			buildActionMask = 2147483647;
			files = (
				471FB0CA1C8922DF0015C3B1 /* OneProjectUITests.m in Sources */,
			);
			runOnlyForDeploymentPostprocessing = 0;
		};
/* End PBXSourcesBuildPhase section */

/* Begin PBXTargetDependency section */
		471FB0BC1C8922DF0015C3B1 /* PBXTargetDependency */ = {
			isa = PBXTargetDependency;
			target = 471FB0A01C8922DF0015C3B1 /* OneProject */;
			targetProxy = 471FB0BB1C8922DF0015C3B1 /* PBXContainerItemProxy */;
		};
		471FB0C71C8922DF0015C3B1 /* PBXTargetDependency */ = {
			isa = PBXTargetDependency;
			target = 471FB0A01C8922DF0015C3B1 /* OneProject */;
			targetProxy = 471FB0C61C8922DF0015C3B1 /* PBXContainerItemProxy */;
		};
/* End PBXTargetDependency section */

/* Begin PBXVariantGroup section */
		471FB0AD1C8922DF0015C3B1 /* Main.storyboard */ = {
			isa = PBXVariantGroup;
			children = (
				471FB0AE1C8922DF0015C3B1 /* Base */,
			);
			name = Main.storyboard;
			sourceTree = "<group>";
		};
		471FB0B21C8922DF0015C3B1 /* LaunchScreen.storyboard */ = {
			isa = PBXVariantGroup;
			children = (
				471FB0B31C8922DF0015C3B1 /* Base */,
			);
			name = LaunchScreen.storyboard;
			sourceTree = "<group>";
		};
/* End PBXVariantGroup section */

/* Begin XCBuildConfiguration section */
		471FB0CC1C8922DF0015C3B1 /* Debug */ = {
			isa = XCBuildConfiguration;
			buildSettings = {
				ALWAYS_SEARCH_USER_PATHS = NO;
				CLANG_CXX_LANGUAGE_STANDARD = "gnu++0x";
				CLANG_CXX_LIBRARY = "libc++";
				CLANG_ENABLE_MODULES = YES;
				CLANG_ENABLE_OBJC_ARC = YES;
				CLANG_WARN_BOOL_CONVERSION = YES;
				CLANG_WARN_CONSTANT_CONVERSION = YES;
				CLANG_WARN_DIRECT_OBJC_ISA_USAGE = YES_ERROR;
				CLANG_WARN_EMPTY_BODY = YES;
				CLANG_WARN_ENUM_CONVERSION = YES;
				CLANG_WARN_INT_CONVERSION = YES;
				CLANG_WARN_OBJC_ROOT_CLASS = YES_ERROR;
				CLANG_WARN_UNREACHABLE_CODE = YES;
				CLANG_WARN__DUPLICATE_METHOD_MATCH = YES;
				"CODE_SIGN_IDENTITY[sdk=iphoneos*]" = "iPhone Developer";
				COPY_PHASE_STRIP = NO;
				DEBUG_INFORMATION_FORMAT = dwarf;
				ENABLE_STRICT_OBJC_MSGSEND = YES;
				ENABLE_TESTABILITY = YES;
				GCC_C_LANGUAGE_STANDARD = gnu99;
				GCC_DYNAMIC_NO_PIC = NO;
				GCC_NO_COMMON_BLOCKS = YES;
				GCC_OPTIMIZATION_LEVEL = 0;
				GCC_PREPROCESSOR_DEFINITIONS = (
					"DEBUG=1",
					"$(inherited)",
				);
				GCC_WARN_64_TO_32_BIT_CONVERSION = YES;
				GCC_WARN_ABOUT_RETURN_TYPE = YES_ERROR;
				GCC_WARN_UNDECLARED_SELECTOR = YES;
				GCC_WARN_UNINITIALIZED_AUTOS = YES_AGGRESSIVE;
				GCC_WARN_UNUSED_FUNCTION = YES;
				GCC_WARN_UNUSED_VARIABLE = YES;
				IPHONEOS_DEPLOYMENT_TARGET = 9.1;
				MTL_ENABLE_DEBUG_INFO = YES;
				ONLY_ACTIVE_ARCH = YES;
				SDKROOT = iphoneos;
			};
			name = Debug;
		};
		471FB0CD1C8922DF0015C3B1 /* Release */ = {
			isa = XCBuildConfiguration;
			buildSettings = {
				ALWAYS_SEARCH_USER_PATHS = NO;
				CLANG_CXX_LANGUAGE_STANDARD = "gnu++0x";
				CLANG_CXX_LIBRARY = "libc++";
				CLANG_ENABLE_MODULES = YES;
				CLANG_ENABLE_OBJC_ARC = YES;
				CLANG_WARN_BOOL_CONVERSION = YES;
				CLANG_WARN_CONSTANT_CONVERSION = YES;
				CLANG_WARN_DIRECT_OBJC_ISA_USAGE = YES_ERROR;
				CLANG_WARN_EMPTY_BODY = YES;
				CLANG_WARN_ENUM_CONVERSION = YES;
				CLANG_WARN_INT_CONVERSION = YES;
				CLANG_WARN_OBJC_ROOT_CLASS = YES_ERROR;
				CLANG_WARN_UNREACHABLE_CODE = YES;
				CLANG_WARN__DUPLICATE_METHOD_MATCH = YES;
				"CODE_SIGN_IDENTITY[sdk=iphoneos*]" = "iPhone Developer";
				COPY_PHASE_STRIP = NO;
				DEBUG_INFORMATION_FORMAT = "dwarf-with-dsym";
				ENABLE_NS_ASSERTIONS = NO;
				ENABLE_STRICT_OBJC_MSGSEND = YES;
				GCC_C_LANGUAGE_STANDARD = gnu99;
				GCC_NO_COMMON_BLOCKS = YES;
				GCC_WARN_64_TO_32_BIT_CONVERSION = YES;
				GCC_WARN_ABOUT_RETURN_TYPE = YES_ERROR;
				GCC_WARN_UNDECLARED_SELECTOR = YES;
				GCC_WARN_UNINITIALIZED_AUTOS = YES_AGGRESSIVE;
				GCC_WARN_UNUSED_FUNCTION = YES;
				GCC_WARN_UNUSED_VARIABLE = YES;
				IPHONEOS_DEPLOYMENT_TARGET = 9.1;
				MTL_ENABLE_DEBUG_INFO = NO;
				SDKROOT = iphoneos;
				VALIDATE_PRODUCT = YES;
			};
			name = Release;
		};
		471FB0CF1C8922DF0015C3B1 /* Debug */ = {
			isa = XCBuildConfiguration;
			buildSettings = {
				ASSETCATALOG_COMPILER_APPICON_NAME = AppIcon;
				INFOPLIST_FILE = OneProject/Info.plist;
				LD_RUNPATH_SEARCH_PATHS = "$(inherited) @executable_path/Frameworks";
				PRODUCT_BUNDLE_IDENTIFIER = qingxi.OneProject;
				PRODUCT_NAME = "$(TARGET_NAME)";
			};
			name = Debug;
		};
		471FB0D01C8922DF0015C3B1 /* Release */ = {
			isa = XCBuildConfiguration;
			buildSettings = {
				ASSETCATALOG_COMPILER_APPICON_NAME = AppIcon;
				INFOPLIST_FILE = OneProject/Info.plist;
				LD_RUNPATH_SEARCH_PATHS = "$(inherited) @executable_path/Frameworks";
				PRODUCT_BUNDLE_IDENTIFIER = qingxi.OneProject;
				PRODUCT_NAME = "$(TARGET_NAME)";
			};
			name = Release;
		};
		471FB0D21C8922DF0015C3B1 /* Debug */ = {
			isa = XCBuildConfiguration;
			buildSettings = {
				BUNDLE_LOADER = "$(TEST_HOST)";
				INFOPLIST_FILE = OneProjectTests/Info.plist;
				LD_RUNPATH_SEARCH_PATHS = "$(inherited) @executable_path/Frameworks @loader_path/Frameworks";
				PRODUCT_BUNDLE_IDENTIFIER = qingxi.OneProjectTests;
				PRODUCT_NAME = "$(TARGET_NAME)";
				TEST_HOST = "$(BUILT_PRODUCTS_DIR)/OneProject.app/OneProject";
			};
			name = Debug;
		};
		471FB0D31C8922DF0015C3B1 /* Release */ = {
			isa = XCBuildConfiguration;
			buildSettings = {
				BUNDLE_LOADER = "$(TEST_HOST)";
				INFOPLIST_FILE = OneProjectTests/Info.plist;
				LD_RUNPATH_SEARCH_PATHS = "$(inherited) @executable_path/Frameworks @loader_path/Frameworks";
				PRODUCT_BUNDLE_IDENTIFIER = qingxi.OneProjectTests;
				PRODUCT_NAME = "$(TARGET_NAME)";
				TEST_HOST = "$(BUILT_PRODUCTS_DIR)/OneProject.app/OneProject";
			};
			name = Release;
		};
		471FB0D51C8922DF0015C3B1 /* Debug */ = {
			isa = XCBuildConfiguration;
			buildSettings = {
				INFOPLIST_FILE = OneProjectUITests/Info.plist;
				LD_RUNPATH_SEARCH_PATHS = "$(inherited) @executable_path/Frameworks @loader_path/Frameworks";
				PRODUCT_BUNDLE_IDENTIFIER = qingxi.OneProjectUITests;
				PRODUCT_NAME = "$(TARGET_NAME)";
				TEST_TARGET_NAME = OneProject;
				USES_XCTRUNNER = YES;
			};
			name = Debug;
		};
		471FB0D61C8922DF0015C3B1 /* Release */ = {
			isa = XCBuildConfiguration;
			buildSettings = {
				INFOPLIST_FILE = OneProjectUITests/Info.plist;
				LD_RUNPATH_SEARCH_PATHS = "$(inherited) @executable_path/Frameworks @loader_path/Frameworks";
				PRODUCT_BUNDLE_IDENTIFIER = qingxi.OneProjectUITests;
				PRODUCT_NAME = "$(TARGET_NAME)";
				TEST_TARGET_NAME = OneProject;
				USES_XCTRUNNER = YES;
			};
			name = Release;
		};
/* End XCBuildConfiguration section */

/* Begin XCConfigurationList section */
		471FB09C1C8922DF0015C3B1 /* Build configuration list for PBXProject "OneProject" */ = {
			isa = XCConfigurationList;
			buildConfigurations = (
				471FB0CC1C8922DF0015C3B1 /* Debug */,
				471FB0CD1C8922DF0015C3B1 /* Release */,
			);
			defaultConfigurationIsVisible = 0;
			defaultConfigurationName = Release;
		};
		471FB0CE1C8922DF0015C3B1 /* Build configuration list for PBXNativeTarget "OneProject" */ = {
			isa = XCConfigurationList;
			buildConfigurations = (
				471FB0CF1C8922DF0015C3B1 /* Debug */,
				471FB0D01C8922DF0015C3B1 /* Release */,
			);
			defaultConfigurationIsVisible = 0;
		};
		471FB0D11C8922DF0015C3B1 /* Build configuration list for PBXNativeTarget "OneProjectTests" */ = {
			isa = XCConfigurationList;
			buildConfigurations = (
				471FB0D21C8922DF0015C3B1 /* Debug */,
				471FB0D31C8922DF0015C3B1 /* Release */,
			);
			defaultConfigurationIsVisible = 0;
		};
		471FB0D41C8922DF0015C3B1 /* Build configuration list for PBXNativeTarget "OneProjectUITests" */ = {
			isa = XCConfigurationList;
			buildConfigurations = (
				471FB0D51C8922DF0015C3B1 /* Debug */,
				471FB0D61C8922DF0015C3B1 /* Release */,
			);
			defaultConfigurationIsVisible = 0;
		};
/* End XCConfigurationList section */
	};
	rootObject = 471FB0991C8922DF0015C3B1 /* Project object */;
}
